
Microsoft Visual Studio Solution File, Format Version 12.00
# Visual Studio Version 17
VisualStudioVersion = 17.9.34616.47
MinimumVisualStudioVersion = 10.0.40219.1
Project("{2150E333-8FDC-42A3-9474-1A3956D46DE8}") = "Services", "Services", "{45C7E63E-BB26-4295-B68B-E4F100EF7804}"
EndProject
Project("{2150E333-8FDC-42A3-9474-1A3956D46DE8}") = "Catalog", "Catalog", "{19ACD96D-B89D-4BF0-894B-7B4FE42EA1FB}"
EndProject
Project("{9A19103F-16F7-4668-BE54-9A1E7A4F7556}") = "Catalog.API", "Services\Catalog\Catalog.API\Catalog.API.csproj", "{534A8E8C-D5D8-4EE8-B4A8-EE850D6FCE28}"
EndProject
Project("{2150E333-8FDC-42A3-9474-1A3956D46DE8}") = "BuildingBlocks", "BuildingBlocks", "{B1786F1E-7361-4119-8184-50C4321A56C7}"
EndProject
Project("{9A19103F-16F7-4668-BE54-9A1E7A4F7556}") = "BuildingBlocks", "BuildingBlocks\BuildingBlocks\BuildingBlocks.csproj", "{B58950DE-5083-4E0A-95E3-0114DCB15693}"
EndProject
Project("{E53339B2-1760-4266-BCC7-CA923CBCF16C}") = "docker-compose", "docker-compose.dcproj", "{73AC445D-7A55-483C-9DF0-7E77C56F8B37}"
EndProject
Project("{2150E333-8FDC-42A3-9474-1A3956D46DE8}") = "Basket", "Basket", "{50AD9D09-EC87-4F90-A203-7D8629AA19A6}"
EndProject
Project("{9A19103F-16F7-4668-BE54-9A1E7A4F7556}") = "Basket.API", "Services\Basket\Basket.API\Basket.API.csproj", "{E29B7C67-E472-48BD-91A8-B9F1BA920EB0}"
EndProject
Project("{2150E333-8FDC-42A3-9474-1A3956D46DE8}") = "Discount", "Discount", "{C93579BE-D077-4A7C-9CC5-31150072F9F8}"
EndProject
Project("{9A19103F-16F7-4668-BE54-9A1E7A4F7556}") = "Discount.Grpc", "Services\Discount\Discount.Grpc\Discount.Grpc.csproj", "{625B137F-4B47-43CD-B5B0-6E19247310EE}"
EndProject
Project("{2150E333-8FDC-42A3-9474-1A3956D46DE8}") = "Ordering", "Ordering", "{FD6CD0FD-D68A-4FC1-8CF8-03F614393618}"
EndProject
Project("{FAE04EC0-301F-11D3-BF4B-00C04F79EFBC}") = "Ordering.API", "Services\Ordering\Ordering.API\Ordering.API.csproj", "{B37CCCFC-A206-4A22-ADE7-4D0C594A63ED}"
EndProject
Project("{FAE04EC0-301F-11D3-BF4B-00C04F79EFBC}") = "Ordering.Domain", "Services\Ordering\Ordering.Domain\Ordering.Domain.csproj", "{AA859AE4-FFE0-4634-9B67-48CD5C7CB813}"
EndProject
Project("{FAE04EC0-301F-11D3-BF4B-00C04F79EFBC}") = "Ordering.Application", "Services\Ordering\Ordering.Application\Ordering.Application.csproj", "{F7445C88-EC5E-4B03-8CAC-3CEF8866CD38}"
EndProject
Project("{FAE04EC0-301F-11D3-BF4B-00C04F79EFBC}") = "Ordering.Infrastructure", "Services\Ordering\Ordering.Infrastructure\Ordering.Infrastructure.csproj", "{803CA5B8-0085-4C8D-BDFC-3E37938A37E2}"
EndProject
Project("{FAE04EC0-301F-11D3-BF4B-00C04F79EFBC}") = "BuildingBlocks.Messaging", "BuildingBlocks\BuildingBlocks.Messaging\BuildingBlocks.Messaging.csproj", "{1133A933-BF07-4DCB-912A-51BDAA0809C5}"
EndProject
Project("{2150E333-8FDC-42A3-9474-1A3956D46DE8}") = "ApiGateways", "ApiGateways", "{02EA681E-C7D8-13C7-8484-4AC65E1B71E8}"
EndProject
Project("{FAE04EC0-301F-11D3-BF4B-00C04F79EFBC}") = "YarpApiGateway", "ApiGateways\YarpApiGateway\YarpApiGateway.csproj", "{AEF0ED19-97E8-4009-B3AD-96A0B76A09F0}"
EndProject
Project("{2150E333-8FDC-42A3-9474-1A3956D46DE8}") = "WebApps", "WebApps", "{46E4778D-2EBB-4E43-B73B-440F4510C8FC}"
EndProject
Project("{FAE04EC0-301F-11D3-BF4B-00C04F79EFBC}") = "Shopping.Web", "WebApps\Shopping.Web\Shopping.Web.csproj", "{3969DC78-53A0-4A82-8451-71823A703085}"
EndProject
Global
	GlobalSection(SolutionConfigurationPlatforms) = preSolution
		Debug|Any CPU = Debug|Any CPU
		Release|Any CPU = Release|Any CPU
	EndGlobalSection
	GlobalSection(ProjectConfigurationPlatforms) = postSolution
		{534A8E8C-D5D8-4EE8-B4A8-EE850D6FCE28}.Debug|Any CPU.ActiveCfg = Debug|Any CPU
		{534A8E8C-D5D8-4EE8-B4A8-EE850D6FCE28}.Debug|Any CPU.Build.0 = Debug|Any CPU
		{534A8E8C-D5D8-4EE8-B4A8-EE850D6FCE28}.Release|Any CPU.ActiveCfg = Release|Any CPU
		{534A8E8C-D5D8-4EE8-B4A8-EE850D6FCE28}.Release|Any CPU.Build.0 = Release|Any CPU
		{B58950DE-5083-4E0A-95E3-0114DCB15693}.Debug|Any CPU.ActiveCfg = Debug|Any CPU
		{B58950DE-5083-4E0A-95E3-0114DCB15693}.Debug|Any CPU.Build.0 = Debug|Any CPU
		{B58950DE-5083-4E0A-95E3-0114DCB15693}.Release|Any CPU.ActiveCfg = Release|Any CPU
		{B58950DE-5083-4E0A-95E3-0114DCB15693}.Release|Any CPU.Build.0 = Release|Any CPU
		{73AC445D-7A55-483C-9DF0-7E77C56F8B37}.Debug|Any CPU.ActiveCfg = Debug|Any CPU
		{73AC445D-7A55-483C-9DF0-7E77C56F8B37}.Debug|Any CPU.Build.0 = Debug|Any CPU
		{73AC445D-7A55-483C-9DF0-7E77C56F8B37}.Release|Any CPU.ActiveCfg = Release|Any CPU
		{73AC445D-7A55-483C-9DF0-7E77C56F8B37}.Release|Any CPU.Build.0 = Release|Any CPU
		{E29B7C67-E472-48BD-91A8-B9F1BA920EB0}.Debug|Any CPU.ActiveCfg = Debug|Any CPU
		{E29B7C67-E472-48BD-91A8-B9F1BA920EB0}.Debug|Any CPU.Build.0 = Debug|Any CPU
		{E29B7C67-E472-48BD-91A8-B9F1BA920EB0}.Release|Any CPU.ActiveCfg = Release|Any CPU
		{E29B7C67-E472-48BD-91A8-B9F1BA920EB0}.Release|Any CPU.Build.0 = Release|Any CPU
		{625B137F-4B47-43CD-B5B0-6E19247310EE}.Debug|Any CPU.ActiveCfg = Debug|Any CPU
		{625B137F-4B47-43CD-B5B0-6E19247310EE}.Debug|Any CPU.Build.0 = Debug|Any CPU
		{625B137F-4B47-43CD-B5B0-6E19247310EE}.Release|Any CPU.ActiveCfg = Release|Any CPU
		{625B137F-4B47-43CD-B5B0-6E19247310EE}.Release|Any CPU.Build.0 = Release|Any CPU
		{B37CCCFC-A206-4A22-ADE7-4D0C594A63ED}.Debug|Any CPU.ActiveCfg = Debug|Any CPU
		{B37CCCFC-A206-4A22-ADE7-4D0C594A63ED}.Debug|Any CPU.Build.0 = Debug|Any CPU
		{B37CCCFC-A206-4A22-ADE7-4D0C594A63ED}.Release|Any CPU.ActiveCfg = Release|Any CPU
		{B37CCCFC-A206-4A22-ADE7-4D0C594A63ED}.Release|Any CPU.Build.0 = Release|Any CPU
		{AA859AE4-FFE0-4634-9B67-48CD5C7CB813}.Debug|Any CPU.ActiveCfg = Debug|Any CPU
		{AA859AE4-FFE0-4634-9B67-48CD5C7CB813}.Debug|Any CPU.Build.0 = Debug|Any CPU
		{AA859AE4-FFE0-4634-9B67-48CD5C7CB813}.Release|Any CPU.ActiveCfg = Release|Any CPU
		{AA859AE4-FFE0-4634-9B67-48CD5C7CB813}.Release|Any CPU.Build.0 = Release|Any CPU
		{F7445C88-EC5E-4B03-8CAC-3CEF8866CD38}.Debug|Any CPU.ActiveCfg = Debug|Any CPU
		{F7445C88-EC5E-4B03-8CAC-3CEF8866CD38}.Debug|Any CPU.Build.0 = Debug|Any CPU
		{F7445C88-EC5E-4B03-8CAC-3CEF8866CD38}.Release|Any CPU.ActiveCfg = Release|Any CPU
		{F7445C88-EC5E-4B03-8CAC-3CEF8866CD38}.Release|Any CPU.Build.0 = Release|Any CPU
		{803CA5B8-0085-4C8D-BDFC-3E37938A37E2}.Debug|Any CPU.ActiveCfg = Debug|Any CPU
		{803CA5B8-0085-4C8D-BDFC-3E37938A37E2}.Debug|Any CPU.Build.0 = Debug|Any CPU
		{803CA5B8-0085-4C8D-BDFC-3E37938A37E2}.Release|Any CPU.ActiveCfg = Release|Any CPU
		{803CA5B8-0085-4C8D-BDFC-3E37938A37E2}.Release|Any CPU.Build.0 = Release|Any CPU
		{1133A933-BF07-4DCB-912A-51BDAA0809C5}.Debug|Any CPU.ActiveCfg = Debug|Any CPU
		{1133A933-BF07-4DCB-912A-51BDAA0809C5}.Debug|Any CPU.Build.0 = Debug|Any CPU
		{1133A933-BF07-4DCB-912A-51BDAA0809C5}.Release|Any CPU.ActiveCfg = Release|Any CPU
		{1133A933-BF07-4DCB-912A-51BDAA0809C5}.Release|Any CPU.Build.0 = Release|Any CPU
		{AEF0ED19-97E8-4009-B3AD-96A0B76A09F0}.Debug|Any CPU.ActiveCfg = Debug|Any CPU
		{AEF0ED19-97E8-4009-B3AD-96A0B76A09F0}.Debug|Any CPU.Build.0 = Debug|Any CPU
		{AEF0ED19-97E8-4009-B3AD-96A0B76A09F0}.Release|Any CPU.ActiveCfg = Release|Any CPU
		{AEF0ED19-97E8-4009-B3AD-96A0B76A09F0}.Release|Any CPU.Build.0 = Release|Any CPU
		{3969DC78-53A0-4A82-8451-71823A703085}.Debug|Any CPU.ActiveCfg = Debug|Any CPU
		{3969DC78-53A0-4A82-8451-71823A703085}.Debug|Any CPU.Build.0 = Debug|Any CPU
		{3969DC78-53A0-4A82-8451-71823A703085}.Release|Any CPU.ActiveCfg = Release|Any CPU
		{3969DC78-53A0-4A82-8451-71823A703085}.Release|Any CPU.Build.0 = Release|Any CPU
	EndGlobalSection
	GlobalSection(SolutionProperties) = preSolution
		HideSolutionNode = FALSE
	EndGlobalSection
	GlobalSection(NestedProjects) = preSolution
		{19ACD96D-B89D-4BF0-894B-7B4FE42EA1FB} = {45C7E63E-BB26-4295-B68B-E4F100EF7804}
		{534A8E8C-D5D8-4EE8-B4A8-EE850D6FCE28} = {19ACD96D-B89D-4BF0-894B-7B4FE42EA1FB}
		{B58950DE-5083-4E0A-95E3-0114DCB15693} = {B1786F1E-7361-4119-8184-50C4321A56C7}
		{50AD9D09-EC87-4F90-A203-7D8629AA19A6} = {45C7E63E-BB26-4295-B68B-E4F100EF7804}
		{E29B7C67-E472-48BD-91A8-B9F1BA920EB0} = {50AD9D09-EC87-4F90-A203-7D8629AA19A6}
		{C93579BE-D077-4A7C-9CC5-31150072F9F8} = {45C7E63E-BB26-4295-B68B-E4F100EF7804}
		{625B137F-4B47-43CD-B5B0-6E19247310EE} = {C93579BE-D077-4A7C-9CC5-31150072F9F8}
		{FD6CD0FD-D68A-4FC1-8CF8-03F614393618} = {45C7E63E-BB26-4295-B68B-E4F100EF7804}
		{B37CCCFC-A206-4A22-ADE7-4D0C594A63ED} = {FD6CD0FD-D68A-4FC1-8CF8-03F614393618}
		{AA859AE4-FFE0-4634-9B67-48CD5C7CB813} = {FD6CD0FD-D68A-4FC1-8CF8-03F614393618}
		{F7445C88-EC5E-4B03-8CAC-3CEF8866CD38} = {FD6CD0FD-D68A-4FC1-8CF8-03F614393618}
		{803CA5B8-0085-4C8D-BDFC-3E37938A37E2} = {FD6CD0FD-D68A-4FC1-8CF8-03F614393618}
		{1133A933-BF07-4DCB-912A-51BDAA0809C5} = {B1786F1E-7361-4119-8184-50C4321A56C7}
		{AEF0ED19-97E8-4009-B3AD-96A0B76A09F0} = {02EA681E-C7D8-13C7-8484-4AC65E1B71E8}
		{3969DC78-53A0-4A82-8451-71823A703085} = {46E4778D-2EBB-4E43-B73B-440F4510C8FC}
	EndGlobalSection
	GlobalSection(ExtensibilityGlobals) = postSolution
		SolutionGuid = {281C0236-282B-4BBE-B47C-AC67D905A3BE}
	EndGlobalSection
EndGlobal
